
Microsoft Visual Studio Solution File, Format Version 12.00
# Visual Studio Version 17
VisualStudioVersion = 17.6.33829.357
MinimumVisualStudioVersion = 10.0.40219.1
Project("{FAE04EC0-301F-11D3-BF4B-00C04F79EFBC}") = "MyBlog.WebApi", "MyBlog.WebApi\MyBlog.WebApi.csproj", "{658C4354-406C-4F11-AAB9-1F192E2F6D15}"
EndProject
Project("{FAE04EC0-301F-11D3-BF4B-00C04F79EFBC}") = "MyBlog.Model", "MyBlog.Model\MyBlog.Model.csproj", "{BAE569D4-B4D7-4611-BF2B-58BE796C02A4}"
EndProject
Project("{2150E333-8FDC-42A3-9474-1A3956D46DE8}") = "Repository", "Repository", "{46280A14-8708-44BB-B66F-A30638FA6954}"
EndProject
Project("{2150E333-8FDC-42A3-9474-1A3956D46DE8}") = "Service", "Service", "{41F8B442-2AD5-49E1-BFE0-ECDF61587EE6}"
EndProject
Project("{FAE04EC0-301F-11D3-BF4B-00C04F79EFBC}") = "MyBlog.IRepository", "MyBlog.IRepository\MyBlog.IRepository.csproj", "{12656C50-FACF-486D-B120-CE6D0F1C5B31}"
EndProject
Project("{FAE04EC0-301F-11D3-BF4B-00C04F79EFBC}") = "MyBlog.Repository", "MyBlog.Repository\MyBlog.Repository.csproj", "{9D65B0A2-0257-48C5-8C20-C14DD0BB487A}"
EndProject
Project("{FAE04EC0-301F-11D3-BF4B-00C04F79EFBC}") = "MyBlog.IService", "MyBlog.IService\MyBlog.IService.csproj", "{33CE9B8F-63CC-4725-B2D6-0E238B3885CE}"
EndProject
Project("{FAE04EC0-301F-11D3-BF4B-00C04F79EFBC}") = "MyBlog.Service", "MyBlog.Service\MyBlog.Service.csproj", "{136280A5-B8EB-4447-9C28-B77551619B79}"
EndProject
Global
	GlobalSection(SolutionConfigurationPlatforms) = preSolution
		Debug|Any CPU = Debug|Any CPU
		Release|Any CPU = Release|Any CPU
	EndGlobalSection
	GlobalSection(ProjectConfigurationPlatforms) = postSolution
		{658C4354-406C-4F11-AAB9-1F192E2F6D15}.Debug|Any CPU.ActiveCfg = Debug|Any CPU
		{658C4354-406C-4F11-AAB9-1F192E2F6D15}.Debug|Any CPU.Build.0 = Debug|Any CPU
		{658C4354-406C-4F11-AAB9-1F192E2F6D15}.Release|Any CPU.ActiveCfg = Release|Any CPU
		{658C4354-406C-4F11-AAB9-1F192E2F6D15}.Release|Any CPU.Build.0 = Release|Any CPU
		{BAE569D4-B4D7-4611-BF2B-58BE796C02A4}.Debug|Any CPU.ActiveCfg = Debug|Any CPU
		{BAE569D4-B4D7-4611-BF2B-58BE796C02A4}.Debug|Any CPU.Build.0 = Debug|Any CPU
		{BAE569D4-B4D7-4611-BF2B-58BE796C02A4}.Release|Any CPU.ActiveCfg = Release|Any CPU
		{BAE569D4-B4D7-4611-BF2B-58BE796C02A4}.Release|Any CPU.Build.0 = Release|Any CPU
		{12656C50-FACF-486D-B120-CE6D0F1C5B31}.Debug|Any CPU.ActiveCfg = Debug|Any CPU
		{12656C50-FACF-486D-B120-CE6D0F1C5B31}.Debug|Any CPU.Build.0 = Debug|Any CPU
		{12656C50-FACF-486D-B120-CE6D0F1C5B31}.Release|Any CPU.ActiveCfg = Release|Any CPU
		{12656C50-FACF-486D-B120-CE6D0F1C5B31}.Release|Any CPU.Build.0 = Release|Any CPU
		{9D65B0A2-0257-48C5-8C20-C14DD0BB487A}.Debug|Any CPU.ActiveCfg = Debug|Any CPU
		{9D65B0A2-0257-48C5-8C20-C14DD0BB487A}.Debug|Any CPU.Build.0 = Debug|Any CPU
		{9D65B0A2-0257-48C5-8C20-C14DD0BB487A}.Release|Any CPU.ActiveCfg = Release|Any CPU
		{9D65B0A2-0257-48C5-8C20-C14DD0BB487A}.Release|Any CPU.Build.0 = Release|Any CPU
		{33CE9B8F-63CC-4725-B2D6-0E238B3885CE}.Debug|Any CPU.ActiveCfg = Debug|Any CPU
		{33CE9B8F-63CC-4725-B2D6-0E238B3885CE}.Debug|Any CPU.Build.0 = Debug|Any CPU
		{33CE9B8F-63CC-4725-B2D6-0E238B3885CE}.Release|Any CPU.ActiveCfg = Release|Any CPU
		{33CE9B8F-63CC-4725-B2D6-0E238B3885CE}.Release|Any CPU.Build.0 = Release|Any CPU
		{136280A5-B8EB-4447-9C28-B77551619B79}.Debug|Any CPU.ActiveCfg = Debug|Any CPU
		{136280A5-B8EB-4447-9C28-B77551619B79}.Debug|Any CPU.Build.0 = Debug|Any CPU
		{136280A5-B8EB-4447-9C28-B77551619B79}.Release|Any CPU.ActiveCfg = Release|Any CPU
		{136280A5-B8EB-4447-9C28-B77551619B79}.Release|Any CPU.Build.0 = Release|Any CPU
	EndGlobalSection
	GlobalSection(SolutionProperties) = preSolution
		HideSolutionNode = FALSE
	EndGlobalSection
	GlobalSection(NestedProjects) = preSolution
		{12656C50-FACF-486D-B120-CE6D0F1C5B31} = {46280A14-8708-44BB-B66F-A30638FA6954}
		{9D65B0A2-0257-48C5-8C20-C14DD0BB487A} = {46280A14-8708-44BB-B66F-A30638FA6954}
		{33CE9B8F-63CC-4725-B2D6-0E238B3885CE} = {41F8B442-2AD5-49E1-BFE0-ECDF61587EE6}
		{136280A5-B8EB-4447-9C28-B77551619B79} = {41F8B442-2AD5-49E1-BFE0-ECDF61587EE6}
	EndGlobalSection
	GlobalSection(ExtensibilityGlobals) = postSolution
		SolutionGuid = {B80BEF07-631D-4951-AF8C-4D0625AD0789}
	EndGlobalSection
EndGlobal
